// !$*UTF8*$!
{
	archiveVersion = 1;
	classes = {
	};
	objectVersion = 77;
	objects = {

/* Begin PBXContainerItemProxy section */
		EE8DA2E92D894176003D5C1A /* PBXContainerItemProxy */ = {
			isa = PBXContainerItemProxy;
			containerPortal = EE8DA2D02D894173003D5C1A /* Project object */;
			proxyType = 1;
			remoteGlobalIDString = EE8DA2D72D894173003D5C1A;
			remoteInfo = petBuddySwiftUI;
		};
		EE8DA2F32D894176003D5C1A /* PBXContainerItemProxy */ = {
			isa = PBXContainerItemProxy;
			containerPortal = EE8DA2D02D894173003D5C1A /* Project object */;
			proxyType = 1;
			remoteGlobalIDString = EE8DA2D72D894173003D5C1A;
			remoteInfo = petBuddySwiftUI;
		};
/* End PBXContainerItemProxy section */

/* Begin PBXFileReference section */
		EE8DA2D82D894173003D5C1A /* petBuddySwiftUI.app */ = {isa = PBXFileReference; explicitFileType = wrapper.application; includeInIndex = 0; path = petBuddySwiftUI.app; sourceTree = BUILT_PRODUCTS_DIR; };
		EE8DA2E82D894176003D5C1A /* petBuddySwiftUITests.xctest */ = {isa = PBXFileReference; explicitFileType = wrapper.cfbundle; includeInIndex = 0; path = petBuddySwiftUITests.xctest; sourceTree = BUILT_PRODUCTS_DIR; };
		EE8DA2F22D894176003D5C1A /* petBuddySwiftUIUITests.xctest */ = {isa = PBXFileReference; explicitFileType = wrapper.cfbundle; includeInIndex = 0; path = petBuddySwiftUIUITests.xctest; sourceTree = BUILT_PRODUCTS_DIR; };
/* End PBXFileReference section */

/* Begin PBXFileSystemSynchronizedRootGroup section */
		EE8DA2DA2D894173003D5C1A /* petBuddySwiftUI */ = {
			isa = PBXFileSystemSynchronizedRootGroup;
			path = petBuddySwiftUI;
			sourceTree = "<group>";
		};
		EE8DA2EB2D894176003D5C1A /* petBuddySwiftUITests */ = {
			isa = PBXFileSystemSynchronizedRootGroup;
			path = petBuddySwiftUITests;
			sourceTree = "<group>";
		};
		EE8DA2F52D894176003D5C1A /* petBuddySwiftUIUITests */ = {
			isa = PBXFileSystemSynchronizedRootGroup;
			path = petBuddySwiftUIUITests;
			sourceTree = "<group>";
		};
/* End PBXFileSystemSynchronizedRootGroup section */

/* Begin PBXFrameworksBuildPhase section */
		EE8DA2D52D894173003D5C1A /* Frameworks */ = {
			isa = PBXFrameworksBuildPhase;
			buildActionMask = 2147483647;
			files = (
			);
			runOnlyForDeploymentPostprocessing = 0;
		};
		EE8DA2E52D894176003D5C1A /* Frameworks */ = {
			isa = PBXFrameworksBuildPhase;
			buildActionMask = 2147483647;
			files = (
			);
			runOnlyForDeploymentPostprocessing = 0;
		};
		EE8DA2EF2D894176003D5C1A /* Frameworks */ = {
			isa = PBXFrameworksBuildPhase;
			buildActionMask = 2147483647;
			files = (
			);
			runOnlyForDeploymentPostprocessing = 0;
		};
/* End PBXFrameworksBuildPhase section */

/* Begin PBXGroup section */
		EE8DA2CF2D894173003D5C1A = {
			isa = PBXGroup;
			children = (
				EE8DA2DA2D894173003D5C1A /* petBuddySwiftUI */,
				EE8DA2EB2D894176003D5C1A /* petBuddySwiftUITests */,
				EE8DA2F52D894176003D5C1A /* petBuddySwiftUIUITests */,
				EE8DA2D92D894173003D5C1A /* Products */,
			);
			sourceTree = "<group>";
		};
		EE8DA2D92D894173003D5C1A /* Products */ = {
			isa = PBXGroup;
			children = (
				EE8DA2D82D894173003D5C1A /* petBuddySwiftUI.app */,
				EE8DA2E82D894176003D5C1A /* petBuddySwiftUITests.xctest */,
				EE8DA2F22D894176003D5C1A /* petBuddySwiftUIUITests.xctest */,
			);
			name = Products;
			sourceTree = "<group>";
		};
/* End PBXGroup section */

/* Begin PBXNativeTarget section */
		EE8DA2D72D894173003D5C1A /* petBuddySwiftUI */ = {
			isa = PBXNativeTarget;
			buildConfigurationList = EE8DA2FC2D894176003D5C1A /* Build configuration list for PBXNativeTarget "petBuddySwiftUI" */;
			buildPhases = (
				EE8DA2D42D894173003D5C1A /* Sources */,
				EE8DA2D52D894173003D5C1A /* Frameworks */,
				EE8DA2D62D894173003D5C1A /* Resources */,
			);
			buildRules = (
			);
			dependencies = (
			);
			fileSystemSynchronizedGroups = (
				EE8DA2DA2D894173003D5C1A /* petBuddySwiftUI */,
			);
			name = petBuddySwiftUI;
			packageProductDependencies = (
			);
			productName = petBuddySwiftUI;
			productReference = EE8DA2D82D894173003D5C1A /* petBuddySwiftUI.app */;
			productType = "com.apple.product-type.application";
		};
		EE8DA2E72D894176003D5C1A /* petBuddySwiftUITests */ = {
			isa = PBXNativeTarget;
			buildConfigurationList = EE8DA2FF2D894176003D5C1A /* Build configuration list for PBXNativeTarget "petBuddySwiftUITests" */;
			buildPhases = (
				EE8DA2E42D894176003D5C1A /* Sources */,
				EE8DA2E52D894176003D5C1A /* Frameworks */,
				EE8DA2E62D894176003D5C1A /* Resources */,
			);
			buildRules = (
			);
			dependencies = (
				EE8DA2EA2D894176003D5C1A /* PBXTargetDependency */,
			);
			fileSystemSynchronizedGroups = (
				EE8DA2EB2D894176003D5C1A /* petBuddySwiftUITests */,
			);
			name = petBuddySwiftUITests;
			packageProductDependencies = (
			);
			productName = petBuddySwiftUITests;
			productReference = EE8DA2E82D894176003D5C1A /* petBuddySwiftUITests.xctest */;
			productType = "com.apple.product-type.bundle.unit-test";
		};
		EE8DA2F12D894176003D5C1A /* petBuddySwiftUIUITests */ = {
			isa = PBXNativeTarget;
			buildConfigurationList = EE8DA3022D894176003D5C1A /* Build configuration list for PBXNativeTarget "petBuddySwiftUIUITests" */;
			buildPhases = (
				EE8DA2EE2D894176003D5C1A /* Sources */,
				EE8DA2EF2D894176003D5C1A /* Frameworks */,
				EE8DA2F02D894176003D5C1A /* Resources */,
			);
			buildRules = (
			);
			dependencies = (
				EE8DA2F42D894176003D5C1A /* PBXTargetDependency */,
			);
			fileSystemSynchronizedGroups = (
				EE8DA2F52D894176003D5C1A /* petBuddySwiftUIUITests */,
			);
			name = petBuddySwiftUIUITests;
			packageProductDependencies = (
			);
			productName = petBuddySwiftUIUITests;
			productReference = EE8DA2F22D894176003D5C1A /* petBuddySwiftUIUITests.xctest */;
			productType = "com.apple.product-type.bundle.ui-testing";
		};
/* End PBXNativeTarget section */

/* Begin PBXProject section */
		EE8DA2D02D894173003D5C1A /* Project object */ = {
			isa = PBXProject;
			attributes = {
				BuildIndependentTargetsInParallel = 1;
				LastSwiftUpdateCheck = 1620;
				LastUpgradeCheck = 1620;
				TargetAttributes = {
					EE8DA2D72D894173003D5C1A = {
						CreatedOnToolsVersion = 16.2;
					};
					EE8DA2E72D894176003D5C1A = {
						CreatedOnToolsVersion = 16.2;
						TestTargetID = EE8DA2D72D894173003D5C1A;
					};
					EE8DA2F12D894176003D5C1A = {
						CreatedOnToolsVersion = 16.2;
						TestTargetID = EE8DA2D72D894173003D5C1A;
					};
				};
			};
			buildConfigurationList = EE8DA2D32D894173003D5C1A /* Build configuration list for PBXProject "petBuddySwiftUI" */;
			developmentRegion = en;
			hasScannedForEncodings = 0;
			knownRegions = (
				en,
				Base,
			);
			mainGroup = EE8DA2CF2D894173003D5C1A;
			minimizedProjectReferenceProxies = 1;
			preferredProjectObjectVersion = 77;
			productRefGroup = EE8DA2D92D894173003D5C1A /* Products */;
			projectDirPath = "";
			projectRoot = "";
			targets = (
				EE8DA2D72D894173003D5C1A /* petBuddySwiftUI */,
				EE8DA2E72D894176003D5C1A /* petBuddySwiftUITests */,
				EE8DA2F12D894176003D5C1A /* petBuddySwiftUIUITests */,
			);
		};
/* End PBXProject section */

/* Begin PBXResourcesBuildPhase section */
		EE8DA2D62D894173003D5C1A /* Resources */ = {
			isa = PBXResourcesBuildPhase;
			buildActionMask = 2147483647;
			files = (
			);
			runOnlyForDeploymentPostprocessing = 0;
		};
		EE8DA2E62D894176003D5C1A /* Resources */ = {
			isa = PBXResourcesBuildPhase;
			buildActionMask = 2147483647;
			files = (
			);
			runOnlyForDeploymentPostprocessing = 0;
		};
		EE8DA2F02D894176003D5C1A /* Resources */ = {
			isa = PBXResourcesBuildPhase;
			buildActionMask = 2147483647;
			files = (
			);
			runOnlyForDeploymentPostprocessing = 0;
		};
/* End PBXResourcesBuildPhase section */

/* Begin PBXSourcesBuildPhase section */
		EE8DA2D42D894173003D5C1A /* Sources */ = {
			isa = PBXSourcesBuildPhase;
			buildActionMask = 2147483647;
			files = (
			);
			runOnlyForDeploymentPostprocessing = 0;
		};
		EE8DA2E42D894176003D5C1A /* Sources */ = {
			isa = PBXSourcesBuildPhase;
			buildActionMask = 2147483647;
			files = (
			);
			runOnlyForDeploymentPostprocessing = 0;
		};
		EE8DA2EE2D894176003D5C1A /* Sources */ = {
			isa = PBXSourcesBuildPhase;
			buildActionMask = 2147483647;
			files = (
			);
			runOnlyForDeploymentPostprocessing = 0;
		};
/* End PBXSourcesBuildPhase section */

/* Begin PBXTargetDependency section */
		EE8DA2EA2D894176003D5C1A /* PBXTargetDependency */ = {
			isa = PBXTargetDependency;
			target = EE8DA2D72D894173003D5C1A /* petBuddySwiftUI */;
			targetProxy = EE8DA2E92D894176003D5C1A /* PBXContainerItemProxy */;
		};
		EE8DA2F42D894176003D5C1A /* PBXTargetDependency */ = {
			isa = PBXTargetDependency;
			target = EE8DA2D72D894173003D5C1A /* petBuddySwiftUI */;
			targetProxy = EE8DA2F32D894176003D5C1A /* PBXContainerItemProxy */;
		};
/* End PBXTargetDependency section */

/* Begin XCBuildConfiguration section */
		EE8DA2FA2D894176003D5C1A /* Debug */ = {
			isa = XCBuildConfiguration;
			buildSettings = {
				ALWAYS_SEARCH_USER_PATHS = NO;
				ASSETCATALOG_COMPILER_GENERATE_SWIFT_ASSET_SYMBOL_EXTENSIONS = YES;
				CLANG_ANALYZER_NONNULL = YES;
				CLANG_ANALYZER_NUMBER_OBJECT_CONVERSION = YES_AGGRESSIVE;
				CLANG_CXX_LANGUAGE_STANDARD = "gnu++20";
				CLANG_ENABLE_MODULES = YES;
				CLANG_ENABLE_OBJC_ARC = YES;
				CLANG_ENABLE_OBJC_WEAK = YES;
				CLANG_WARN_BLOCK_CAPTURE_AUTORELEASING = YES;
				CLANG_WARN_BOOL_CONVERSION = YES;
				CLANG_WARN_COMMA = YES;
				CLANG_WARN_CONSTANT_CONVERSION = YES;
				CLANG_WARN_DEPRECATED_OBJC_IMPLEMENTATIONS = YES;
				CLANG_WARN_DIRECT_OBJC_ISA_USAGE = YES_ERROR;
				CLANG_WARN_DOCUMENTATION_COMMENTS = YES;
				CLANG_WARN_EMPTY_BODY = YES;
				CLANG_WARN_ENUM_CONVERSION = YES;
				CLANG_WARN_INFINITE_RECURSION = YES;
				CLANG_WARN_INT_CONVERSION = YES;
				CLANG_WARN_NON_LITERAL_NULL_CONVERSION = YES;
				CLANG_WARN_OBJC_IMPLICIT_RETAIN_SELF = YES;
				CLANG_WARN_OBJC_LITERAL_CONVERSION = YES;
				CLANG_WARN_OBJC_ROOT_CLASS = YES_ERROR;
				CLANG_WARN_QUOTED_INCLUDE_IN_FRAMEWORK_HEADER = YES;
				CLANG_WARN_RANGE_LOOP_ANALYSIS = YES;
				CLANG_WARN_STRICT_PROTOTYPES = YES;
				CLANG_WARN_SUSPICIOUS_MOVE = YES;
				CLANG_WARN_UNGUARDED_AVAILABILITY = YES_AGGRESSIVE;
				CLANG_WARN_UNREACHABLE_CODE = YES;
				CLANG_WARN__DUPLICATE_METHOD_MATCH = YES;
				COPY_PHASE_STRIP = NO;
				DEBUG_INFORMATION_FORMAT = dwarf;
				ENABLE_STRICT_OBJC_MSGSEND = YES;
				ENABLE_TESTABILITY = YES;
				ENABLE_USER_SCRIPT_SANDBOXING = YES;
				GCC_C_LANGUAGE_STANDARD = gnu17;
				GCC_DYNAMIC_NO_PIC = NO;
				GCC_NO_COMMON_BLOCKS = YES;
				GCC_OPTIMIZATION_LEVEL = 0;
				GCC_PREPROCESSOR_DEFINITIONS = (
					"DEBUG=1",
					"$(inherited)",
				);
				GCC_WARN_64_TO_32_BIT_CONVERSION = YES;
				GCC_WARN_ABOUT_RETURN_TYPE = YES_ERROR;
				GCC_WARN_UNDECLARED_SELECTOR = YES;
				GCC_WARN_UNINITIALIZED_AUTOS = YES_AGGRESSIVE;
				GCC_WARN_UNUSED_FUNCTION = YES;
				GCC_WARN_UNUSED_VARIABLE = YES;
				IPHONEOS_DEPLOYMENT_TARGET = 18.2;
				LOCALIZATION_PREFERS_STRING_CATALOGS = YES;
				MTL_ENABLE_DEBUG_INFO = INCLUDE_SOURCE;
				MTL_FAST_MATH = YES;
				ONLY_ACTIVE_ARCH = YES;
				SDKROOT = iphoneos;
				SWIFT_ACTIVE_COMPILATION_CONDITIONS = "DEBUG $(inherited)";
				SWIFT_OPTIMIZATION_LEVEL = "-Onone";
			};
			name = Debug;
		};
		EE8DA2FB2D894176003D5C1A /* Release */ = {
			isa = XCBuildConfiguration;
			buildSettings = {
				ALWAYS_SEARCH_USER_PATHS = NO;
				ASSETCATALOG_COMPILER_GENERATE_SWIFT_ASSET_SYMBOL_EXTENSIONS = YES;
				CLANG_ANALYZER_NONNULL = YES;
				CLANG_ANALYZER_NUMBER_OBJECT_CONVERSION = YES_AGGRESSIVE;
				CLANG_CXX_LANGUAGE_STANDARD = "gnu++20";
				CLANG_ENABLE_MODULES = YES;
				CLANG_ENABLE_OBJC_ARC = YES;
				CLANG_ENABLE_OBJC_WEAK = YES;
				CLANG_WARN_BLOCK_CAPTURE_AUTORELEASING = YES;
				CLANG_WARN_BOOL_CONVERSION = YES;
				CLANG_WARN_COMMA = YES;
				CLANG_WARN_CONSTANT_CONVERSION = YES;
				CLANG_WARN_DEPRECATED_OBJC_IMPLEMENTATIONS = YES;
				CLANG_WARN_DIRECT_OBJC_ISA_USAGE = YES_ERROR;
				CLANG_WARN_DOCUMENTATION_COMMENTS = YES;
				CLANG_WARN_EMPTY_BODY = YES;
				CLANG_WARN_ENUM_CONVERSION = YES;
				CLANG_WARN_INFINITE_RECURSION = YES;
				CLANG_WARN_INT_CONVERSION = YES;
				CLANG_WARN_NON_LITERAL_NULL_CONVERSION = YES;
				CLANG_WARN_OBJC_IMPLICIT_RETAIN_SELF = YES;
				CLANG_WARN_OBJC_LITERAL_CONVERSION = YES;
				CLANG_WARN_OBJC_ROOT_CLASS = YES_ERROR;
				CLANG_WARN_QUOTED_INCLUDE_IN_FRAMEWORK_HEADER = YES;
				CLANG_WARN_RANGE_LOOP_ANALYSIS = YES;
				CLANG_WARN_STRICT_PROTOTYPES = YES;
				CLANG_WARN_SUSPICIOUS_MOVE = YES;
				CLANG_WARN_UNGUARDED_AVAILABILITY = YES_AGGRESSIVE;
				CLANG_WARN_UNREACHABLE_CODE = YES;
				CLANG_WARN__DUPLICATE_METHOD_MATCH = YES;
				COPY_PHASE_STRIP = NO;
				DEBUG_INFORMATION_FORMAT = "dwarf-with-dsym";
				ENABLE_NS_ASSERTIONS = NO;
				ENABLE_STRICT_OBJC_MSGSEND = YES;
				ENABLE_USER_SCRIPT_SANDBOXING = YES;
				GCC_C_LANGUAGE_STANDARD = gnu17;
				GCC_NO_COMMON_BLOCKS = YES;
				GCC_WARN_64_TO_32_BIT_CONVERSION = YES;
				GCC_WARN_ABOUT_RETURN_TYPE = YES_ERROR;
				GCC_WARN_UNDECLARED_SELECTOR = YES;
				GCC_WARN_UNINITIALIZED_AUTOS = YES_AGGRESSIVE;
				GCC_WARN_UNUSED_FUNCTION = YES;
				GCC_WARN_UNUSED_VARIABLE = YES;
				IPHONEOS_DEPLOYMENT_TARGET = 18.2;
				LOCALIZATION_PREFERS_STRING_CATALOGS = YES;
				MTL_ENABLE_DEBUG_INFO = NO;
				MTL_FAST_MATH = YES;
				SDKROOT = iphoneos;
				SWIFT_COMPILATION_MODE = wholemodule;
				VALIDATE_PRODUCT = YES;
			};
			name = Release;
		};
		EE8DA2FD2D894176003D5C1A /* Debug */ = {
			isa = XCBuildConfiguration;
			buildSettings = {
				ASSETCATALOG_COMPILER_APPICON_NAME = AppIcon;
				ASSETCATALOG_COMPILER_GLOBAL_ACCENT_COLOR_NAME = AccentColor;
				CODE_SIGN_STYLE = Automatic;
				CURRENT_PROJECT_VERSION = 1;
				DEVELOPMENT_ASSET_PATHS = "\"petBuddySwiftUI/Preview Content\"";
				ENABLE_PREVIEWS = YES;
				GENERATE_INFOPLIST_FILE = YES;
				INFOPLIST_KEY_UIApplicationSceneManifest_Generation = YES;
				INFOPLIST_KEY_UIApplicationSupportsIndirectInputEvents = YES;
				INFOPLIST_KEY_UILaunchScreen_Generation = YES;
				INFOPLIST_KEY_UISupportedInterfaceOrientations_iPad = "UIInterfaceOrientationPortrait UIInterfaceOrientationPortraitUpsideDown UIInterfaceOrientationLandscapeLeft UIInterfaceOrientationLandscapeRight";
				INFOPLIST_KEY_UISupportedInterfaceOrientations_iPhone = "UIInterfaceOrientationPortrait UIInterfaceOrientationLandscapeLeft UIInterfaceOrientationLandscapeRight";
				LD_RUNPATH_SEARCH_PATHS = (
					"$(inherited)",
					"@executable_path/Frameworks",
				);
				MARKETING_VERSION = 1.0;
				PRODUCT_BUNDLE_IDENTIFIER = com.nitinkaliraman.petBuddySwiftUI;
				PRODUCT_NAME = "$(TARGET_NAME)";
				SWIFT_EMIT_LOC_STRINGS = YES;
				SWIFT_VERSION = 5.0;
				TARGETED_DEVICE_FAMILY = "1,2";
			};
			name = Debug;
		};
		EE8DA2FE2D894176003D5C1A /* Release */ = {
			isa = XCBuildConfiguration;
			buildSettings = {
				ASSETCATALOG_COMPILER_APPICON_NAME = AppIcon;
				ASSETCATALOG_COMPILER_GLOBAL_ACCENT_COLOR_NAME = AccentColor;
				CODE_SIGN_STYLE = Automatic;
				CURRENT_PROJECT_VERSION = 1;
				DEVELOPMENT_ASSET_PATHS = "\"petBuddySwiftUI/Preview Content\"";
				ENABLE_PREVIEWS = YES;
				GENERATE_INFOPLIST_FILE = YES;
				INFOPLIST_KEY_UIApplicationSceneManifest_Generation = YES;
				INFOPLIST_KEY_UIApplicationSupportsIndirectInputEvents = YES;
				INFOPLIST_KEY_UILaunchScreen_Generation = YES;
				INFOPLIST_KEY_UISupportedInterfaceOrientations_iPad = "UIInterfaceOrientationPortrait UIInterfaceOrientationPortraitUpsideDown UIInterfaceOrientationLandscapeLeft UIInterfaceOrientationLandscapeRight";
				INFOPLIST_KEY_UISupportedInterfaceOrientations_iPhone = "UIInterfaceOrientationPortrait UIInterfaceOrientationLandscapeLeft UIInterfaceOrientationLandscapeRight";
				LD_RUNPATH_SEARCH_PATHS = (
					"$(inherited)",
					"@executable_path/Frameworks",
				);
				MARKETING_VERSION = 1.0;
				PRODUCT_BUNDLE_IDENTIFIER = com.nitinkaliraman.petBuddySwiftUI;
				PRODUCT_NAME = "$(TARGET_NAME)";
				SWIFT_EMIT_LOC_STRINGS = YES;
				SWIFT_VERSION = 5.0;
				TARGETED_DEVICE_FAMILY = "1,2";
			};
			name = Release;
		};
		EE8DA3002D894176003D5C1A /* Debug */ = {
			isa = XCBuildConfiguration;
			buildSettings = {
				BUNDLE_LOADER = "$(TEST_HOST)";
				CODE_SIGN_STYLE = Automatic;
				CURRENT_PROJECT_VERSION = 1;
				GENERATE_INFOPLIST_FILE = YES;
				IPHONEOS_DEPLOYMENT_TARGET = 18.2;
				MARKETING_VERSION = 1.0;
				PRODUCT_BUNDLE_IDENTIFIER = com.nitinkaliraman.petBuddySwiftUITests;
				PRODUCT_NAME = "$(TARGET_NAME)";
				SWIFT_EMIT_LOC_STRINGS = NO;
				SWIFT_VERSION = 5.0;
				TARGETED_DEVICE_FAMILY = "1,2";
				TEST_HOST = "$(BUILT_PRODUCTS_DIR)/petBuddySwiftUI.app/$(BUNDLE_EXECUTABLE_FOLDER_PATH)/petBuddySwiftUI";
			};
			name = Debug;
		};
		EE8DA3012D894176003D5C1A /* Release */ = {
			isa = XCBuildConfiguration;
			buildSettings = {
				BUNDLE_LOADER = "$(TEST_HOST)";
				CODE_SIGN_STYLE = Automatic;
				CURRENT_PROJECT_VERSION = 1;
				GENERATE_INFOPLIST_FILE = YES;
				IPHONEOS_DEPLOYMENT_TARGET = 18.2;
				MARKETING_VERSION = 1.0;
				PRODUCT_BUNDLE_IDENTIFIER = com.nitinkaliraman.petBuddySwiftUITests;
				PRODUCT_NAME = "$(TARGET_NAME)";
				SWIFT_EMIT_LOC_STRINGS = NO;
				SWIFT_VERSION = 5.0;
				TARGETED_DEVICE_FAMILY = "1,2";
				TEST_HOST = "$(BUILT_PRODUCTS_DIR)/petBuddySwiftUI.app/$(BUNDLE_EXECUTABLE_FOLDER_PATH)/petBuddySwiftUI";
			};
			name = Release;
		};
		EE8DA3032D894176003D5C1A /* Debug */ = {
			isa = XCBuildConfiguration;
			buildSettings = {
				CODE_SIGN_STYLE = Automatic;
				CURRENT_PROJECT_VERSION = 1;
				GENERATE_INFOPLIST_FILE = YES;
				MARKETING_VERSION = 1.0;
				PRODUCT_BUNDLE_IDENTIFIER = com.nitinkaliraman.petBuddySwiftUIUITests;
				PRODUCT_NAME = "$(TARGET_NAME)";
				SWIFT_EMIT_LOC_STRINGS = NO;
				SWIFT_VERSION = 5.0;
				TARGETED_DEVICE_FAMILY = "1,2";
				TEST_TARGET_NAME = petBuddySwiftUI;
			};
			name = Debug;
		};
		EE8DA3042D894176003D5C1A /* Release */ = {
			isa = XCBuildConfiguration;
			buildSettings = {
				CODE_SIGN_STYLE = Automatic;
				CURRENT_PROJECT_VERSION = 1;
				GENERATE_INFOPLIST_FILE = YES;
				MARKETING_VERSION = 1.0;
				PRODUCT_BUNDLE_IDENTIFIER = com.nitinkaliraman.petBuddySwiftUIUITests;
				PRODUCT_NAME = "$(TARGET_NAME)";
				SWIFT_EMIT_LOC_STRINGS = NO;
				SWIFT_VERSION = 5.0;
				TARGETED_DEVICE_FAMILY = "1,2";
				TEST_TARGET_NAME = petBuddySwiftUI;
			};
			name = Release;
		};
/* End XCBuildConfiguration section */

/* Begin XCConfigurationList section */
		EE8DA2D32D894173003D5C1A /* Build configuration list for PBXProject "petBuddySwiftUI" */ = {
			isa = XCConfigurationList;
			buildConfigurations = (
				EE8DA2FA2D894176003D5C1A /* Debug */,
				EE8DA2FB2D894176003D5C1A /* Release */,
			);
			defaultConfigurationIsVisible = 0;
			defaultConfigurationName = Release;
		};
		EE8DA2FC2D894176003D5C1A /* Build configuration list for PBXNativeTarget "petBuddySwiftUI" */ = {
			isa = XCConfigurationList;
			buildConfigurations = (
				EE8DA2FD2D894176003D5C1A /* Debug */,
				EE8DA2FE2D894176003D5C1A /* Release */,
			);
			defaultConfigurationIsVisible = 0;
			defaultConfigurationName = Release;
		};
		EE8DA2FF2D894176003D5C1A /* Build configuration list for PBXNativeTarget "petBuddySwiftUITests" */ = {
			isa = XCConfigurationList;
			buildConfigurations = (
				EE8DA3002D894176003D5C1A /* Debug */,
				EE8DA3012D894176003D5C1A /* Release */,
			);
			defaultConfigurationIsVisible = 0;
			defaultConfigurationName = Release;
		};
		EE8DA3022D894176003D5C1A /* Build configuration list for PBXNativeTarget "petBuddySwiftUIUITests" */ = {
			isa = XCConfigurationList;
			buildConfigurations = (
				EE8DA3032D894176003D5C1A /* Debug */,
				EE8DA3042D894176003D5C1A /* Release */,
			);
			defaultConfigurationIsVisible = 0;
			defaultConfigurationName = Release;
		};
/* End XCConfigurationList section */
	};
	rootObject = EE8DA2D02D894173003D5C1A /* Project object */;
}
